
Microsoft Visual Studio Solution File, Format Version 12.00
# Visual Studio Version 16
VisualStudioVersion = 16.0.30002.166
MinimumVisualStudioVersion = 10.0.40219.1
Project("{FAE04EC0-301F-11D3-BF4B-00C04F79EFBC}") = "AlbumAPI", "AlbumAPI\AlbumAPI.csproj", "{B2B61E0B-CFBF-4B22-8517-5DFA6A292158}"
EndProject
Global
	GlobalSection(SolutionConfigurationPlatforms) = preSolution
		Debug|Any CPU = Debug|Any CPU
		Release|Any CPU = Release|Any CPU
	EndGlobalSection
	GlobalSection(ProjectConfigurationPlatforms) = postSolution
		{B2B61E0B-CFBF-4B22-8517-5DFA6A292158}.Debug|Any CPU.ActiveCfg = Debug|Any CPU
		{B2B61E0B-CFBF-4B22-8517-5DFA6A292158}.Debug|Any CPU.Build.0 = Debug|Any CPU
		{B2B61E0B-CFBF-4B22-8517-5DFA6A292158}.Release|Any CPU.ActiveCfg = Release|Any CPU
		{B2B61E0B-CFBF-4B22-8517-5DFA6A292158}.Release|Any CPU.Build.0 = Release|Any CPU
	EndGlobalSection
	GlobalSection(SolutionProperties) = preSolution
		HideSolutionNode = FALSE
	EndGlobalSection
	GlobalSection(ExtensibilityGlobals) = postSolution
		SolutionGuid = {0066623F-AA89-4CC3-892B-C8E09B537CD4}
	EndGlobalSection
EndGlobal
